
Microsoft Visual Studio Solution File, Format Version 12.00
# Visual Studio Version 16
VisualStudioVersion = 16.0.31702.278
MinimumVisualStudioVersion = 10.0.40219.1
Project("{FAE04EC0-301F-11D3-BF4B-00C04F79EFBC}") = "test", "test\test.csproj", "{1684A453-98FA-45F9-B5CF-334D11D4A7FD}"
EndProject
Global
	GlobalSection(SolutionConfigurationPlatforms) = preSolution
		Debug|Any CPU = Debug|Any CPU
		Release|Any CPU = Release|Any CPU
	EndGlobalSection
	GlobalSection(ProjectConfigurationPlatforms) = postSolution
		{1684A453-98FA-45F9-B5CF-334D11D4A7FD}.Debug|Any CPU.ActiveCfg = Debug|Any CPU
		{1684A453-98FA-45F9-B5CF-334D11D4A7FD}.Debug|Any CPU.Build.0 = Debug|Any CPU
		{1684A453-98FA-45F9-B5CF-334D11D4A7FD}.Release|Any CPU.ActiveCfg = Release|Any CPU
		{1684A453-98FA-45F9-B5CF-334D11D4A7FD}.Release|Any CPU.Build.0 = Release|Any CPU
	EndGlobalSection
	GlobalSection(SolutionProperties) = preSolution
		HideSolutionNode = FALSE
	EndGlobalSection
	GlobalSection(ExtensibilityGlobals) = postSolution
		SolutionGuid = {AF0B449B-AEC8-43DE-96D4-60F4C2D59BE7}
	EndGlobalSection
EndGlobal
