
Microsoft Visual Studio Solution File, Format Version 12.00
# Visual Studio Version 16
VisualStudioVersion = 16.0.31702.278
MinimumVisualStudioVersion = 10.0.40219.1
Project("{FAE04EC0-301F-11D3-BF4B-00C04F79EFBC}") = "TheCoffeMechine", "TheCoffeMechine\TheCoffeMechine.csproj", "{279E735B-31D6-4184-B7FF-444B0A828B7E}"
EndProject
Global
	GlobalSection(SolutionConfigurationPlatforms) = preSolution
		Debug|Any CPU = Debug|Any CPU
		Release|Any CPU = Release|Any CPU
	EndGlobalSection
	GlobalSection(ProjectConfigurationPlatforms) = postSolution
		{279E735B-31D6-4184-B7FF-444B0A828B7E}.Debug|Any CPU.ActiveCfg = Debug|Any CPU
		{279E735B-31D6-4184-B7FF-444B0A828B7E}.Debug|Any CPU.Build.0 = Debug|Any CPU
		{279E735B-31D6-4184-B7FF-444B0A828B7E}.Release|Any CPU.ActiveCfg = Release|Any CPU
		{279E735B-31D6-4184-B7FF-444B0A828B7E}.Release|Any CPU.Build.0 = Release|Any CPU
	EndGlobalSection
	GlobalSection(SolutionProperties) = preSolution
		HideSolutionNode = FALSE
	EndGlobalSection
	GlobalSection(ExtensibilityGlobals) = postSolution
		SolutionGuid = {EB8CF02C-7B5D-4638-90FE-B423B7A8B11B}
	EndGlobalSection
EndGlobal
