
Microsoft Visual Studio Solution File, Format Version 12.00
# Visual Studio Version 16
VisualStudioVersion = 16.0.31702.278
MinimumVisualStudioVersion = 10.0.40219.1
Project("{FAE04EC0-301F-11D3-BF4B-00C04F79EFBC}") = "Kegiatan", "Kegiatan\Kegiatan.csproj", "{492CF699-8C60-4AA3-9C40-12854877F752}"
EndProject
Global
	GlobalSection(SolutionConfigurationPlatforms) = preSolution
		Debug|Any CPU = Debug|Any CPU
		Release|Any CPU = Release|Any CPU
	EndGlobalSection
	GlobalSection(ProjectConfigurationPlatforms) = postSolution
		{492CF699-8C60-4AA3-9C40-12854877F752}.Debug|Any CPU.ActiveCfg = Debug|Any CPU
		{492CF699-8C60-4AA3-9C40-12854877F752}.Debug|Any CPU.Build.0 = Debug|Any CPU
		{492CF699-8C60-4AA3-9C40-12854877F752}.Release|Any CPU.ActiveCfg = Release|Any CPU
		{492CF699-8C60-4AA3-9C40-12854877F752}.Release|Any CPU.Build.0 = Release|Any CPU
	EndGlobalSection
	GlobalSection(SolutionProperties) = preSolution
		HideSolutionNode = FALSE
	EndGlobalSection
	GlobalSection(ExtensibilityGlobals) = postSolution
		SolutionGuid = {C1F6789D-B864-42B5-B7D6-F5E15A173717}
	EndGlobalSection
EndGlobal
