
Microsoft Visual Studio Solution File, Format Version 12.00
# Visual Studio Version 16
VisualStudioVersion = 16.0.31702.278
MinimumVisualStudioVersion = 10.0.40219.1
Project("{FAE04EC0-301F-11D3-BF4B-00C04F79EFBC}") = "TheSuperComputer", "TheSuperComputer\TheSuperComputer.csproj", "{05780627-76B4-45DB-B5C6-F081F7DC392C}"
EndProject
Project("{FAE04EC0-301F-11D3-BF4B-00C04F79EFBC}") = "Monitor", "Monitor\Monitor.csproj", "{3D44113D-1851-4AFD-95B4-38083AE36832}"
EndProject
Global
	GlobalSection(SolutionConfigurationPlatforms) = preSolution
		Debug|Any CPU = Debug|Any CPU
		Release|Any CPU = Release|Any CPU
	EndGlobalSection
	GlobalSection(ProjectConfigurationPlatforms) = postSolution
		{05780627-76B4-45DB-B5C6-F081F7DC392C}.Debug|Any CPU.ActiveCfg = Debug|Any CPU
		{05780627-76B4-45DB-B5C6-F081F7DC392C}.Debug|Any CPU.Build.0 = Debug|Any CPU
		{05780627-76B4-45DB-B5C6-F081F7DC392C}.Release|Any CPU.ActiveCfg = Release|Any CPU
		{05780627-76B4-45DB-B5C6-F081F7DC392C}.Release|Any CPU.Build.0 = Release|Any CPU
		{3D44113D-1851-4AFD-95B4-38083AE36832}.Debug|Any CPU.ActiveCfg = Debug|Any CPU
		{3D44113D-1851-4AFD-95B4-38083AE36832}.Debug|Any CPU.Build.0 = Debug|Any CPU
		{3D44113D-1851-4AFD-95B4-38083AE36832}.Release|Any CPU.ActiveCfg = Release|Any CPU
		{3D44113D-1851-4AFD-95B4-38083AE36832}.Release|Any CPU.Build.0 = Release|Any CPU
	EndGlobalSection
	GlobalSection(SolutionProperties) = preSolution
		HideSolutionNode = FALSE
	EndGlobalSection
	GlobalSection(ExtensibilityGlobals) = postSolution
		SolutionGuid = {CC52A204-B756-407A-9A5F-E6405997089C}
	EndGlobalSection
EndGlobal
