
Microsoft Visual Studio Solution File, Format Version 12.00
# Visual Studio Version 16
VisualStudioVersion = 16.0.31702.278
MinimumVisualStudioVersion = 10.0.40219.1
Project("{FAE04EC0-301F-11D3-BF4B-00C04F79EFBC}") = "Project2TheMotorSport", "Project2TheMotorSport\Project2TheMotorSport.csproj", "{0D13602D-EB3C-4F8F-8498-E83ED9ECEED7}"
EndProject
Global
	GlobalSection(SolutionConfigurationPlatforms) = preSolution
		Debug|Any CPU = Debug|Any CPU
		Release|Any CPU = Release|Any CPU
	EndGlobalSection
	GlobalSection(ProjectConfigurationPlatforms) = postSolution
		{0D13602D-EB3C-4F8F-8498-E83ED9ECEED7}.Debug|Any CPU.ActiveCfg = Debug|Any CPU
		{0D13602D-EB3C-4F8F-8498-E83ED9ECEED7}.Debug|Any CPU.Build.0 = Debug|Any CPU
		{0D13602D-EB3C-4F8F-8498-E83ED9ECEED7}.Release|Any CPU.ActiveCfg = Release|Any CPU
		{0D13602D-EB3C-4F8F-8498-E83ED9ECEED7}.Release|Any CPU.Build.0 = Release|Any CPU
	EndGlobalSection
	GlobalSection(SolutionProperties) = preSolution
		HideSolutionNode = FALSE
	EndGlobalSection
	GlobalSection(ExtensibilityGlobals) = postSolution
		SolutionGuid = {C2FCD7C5-E8A2-4407-B5A3-332F3F9278BE}
	EndGlobalSection
EndGlobal
